
Microsoft Visual Studio Solution File, Format Version 12.00
# Visual Studio Version 17
VisualStudioVersion = 17.8.34525.116
MinimumVisualStudioVersion = 10.0.40219.1
Project("{8BC9CEB8-8B4A-11D0-8D11-00A0C91BC942}") = "Task2", "Task2\Task2.vcxproj", "{A921BC85-DAA7-4016-8791-DD603B8074C2}"
EndProject
Global
	GlobalSection(SolutionConfigurationPlatforms) = preSolution
		Debug|x64 = Debug|x64
		Debug|x86 = Debug|x86
		Release|x64 = Release|x64
		Release|x86 = Release|x86
	EndGlobalSection
	GlobalSection(ProjectConfigurationPlatforms) = postSolution
		{A921BC85-DAA7-4016-8791-DD603B8074C2}.Debug|x64.ActiveCfg = Debug|x64
		{A921BC85-DAA7-4016-8791-DD603B8074C2}.Debug|x64.Build.0 = Debug|x64
		{A921BC85-DAA7-4016-8791-DD603B8074C2}.Debug|x86.ActiveCfg = Debug|Win32
		{A921BC85-DAA7-4016-8791-DD603B8074C2}.Debug|x86.Build.0 = Debug|Win32
		{A921BC85-DAA7-4016-8791-DD603B8074C2}.Release|x64.ActiveCfg = Release|x64
		{A921BC85-DAA7-4016-8791-DD603B8074C2}.Release|x64.Build.0 = Release|x64
		{A921BC85-DAA7-4016-8791-DD603B8074C2}.Release|x86.ActiveCfg = Release|Win32
		{A921BC85-DAA7-4016-8791-DD603B8074C2}.Release|x86.Build.0 = Release|Win32
	EndGlobalSection
	GlobalSection(SolutionProperties) = preSolution
		HideSolutionNode = FALSE
	EndGlobalSection
	GlobalSection(ExtensibilityGlobals) = postSolution
		SolutionGuid = {1FCA2E5A-757B-4578-A429-D5B8360C6C04}
	EndGlobalSection
EndGlobal
